
Microsoft Visual Studio Solution File, Format Version 12.00
# Visual Studio Version 16
VisualStudioVersion = 16.0.30011.22
MinimumVisualStudioVersion = 10.0.40219.1
Project("{FAE04EC0-301F-11D3-BF4B-00C04F79EFBC}") = "SeleniumWebDriver_AutomatedTesting", "SeleniumWebDriver_AutomatedTesting\SeleniumWebDriver_AutomatedTesting.csproj", "{1E601146-B06B-4AE0-ACA7-2EC2CF12CA56}"
EndProject
Global
	GlobalSection(SolutionConfigurationPlatforms) = preSolution
		Debug|Any CPU = Debug|Any CPU
		Release|Any CPU = Release|Any CPU
	EndGlobalSection
	GlobalSection(ProjectConfigurationPlatforms) = postSolution
		{1E601146-B06B-4AE0-ACA7-2EC2CF12CA56}.Debug|Any CPU.ActiveCfg = Debug|Any CPU
		{1E601146-B06B-4AE0-ACA7-2EC2CF12CA56}.Debug|Any CPU.Build.0 = Debug|Any CPU
		{1E601146-B06B-4AE0-ACA7-2EC2CF12CA56}.Release|Any CPU.ActiveCfg = Release|Any CPU
		{1E601146-B06B-4AE0-ACA7-2EC2CF12CA56}.Release|Any CPU.Build.0 = Release|Any CPU
	EndGlobalSection
	GlobalSection(SolutionProperties) = preSolution
		HideSolutionNode = FALSE
	EndGlobalSection
	GlobalSection(ExtensibilityGlobals) = postSolution
		SolutionGuid = {37B38C9D-9CEF-440A-8A48-D96D485D41EC}
	EndGlobalSection
EndGlobal
